
Microsoft Visual Studio Solution File, Format Version 12.00
# Visual Studio Version 17
VisualStudioVersion = 17.5.33414.496
MinimumVisualStudioVersion = 10.0.40219.1
Project("{FAE04EC0-301F-11D3-BF4B-00C04F79EFBC}") = "Money Exchanger", "Money Exchanger\Money Exchanger.csproj", "{1BA2CBD0-CDA5-4134-8822-2B2E37EFB615}"
EndProject
Global
	GlobalSection(SolutionConfigurationPlatforms) = preSolution
		Debug|Any CPU = Debug|Any CPU
		Release|Any CPU = Release|Any CPU
	EndGlobalSection
	GlobalSection(ProjectConfigurationPlatforms) = postSolution
		{1BA2CBD0-CDA5-4134-8822-2B2E37EFB615}.Debug|Any CPU.ActiveCfg = Debug|Any CPU
		{1BA2CBD0-CDA5-4134-8822-2B2E37EFB615}.Debug|Any CPU.Build.0 = Debug|Any CPU
		{1BA2CBD0-CDA5-4134-8822-2B2E37EFB615}.Release|Any CPU.ActiveCfg = Release|Any CPU
		{1BA2CBD0-CDA5-4134-8822-2B2E37EFB615}.Release|Any CPU.Build.0 = Release|Any CPU
	EndGlobalSection
	GlobalSection(SolutionProperties) = preSolution
		HideSolutionNode = FALSE
	EndGlobalSection
	GlobalSection(ExtensibilityGlobals) = postSolution
		SolutionGuid = {E32862A0-5DF5-4982-9D6B-C88B260D9D18}
	EndGlobalSection
EndGlobal
